
Microsoft Visual Studio Solution File, Format Version 12.00
# Visual Studio 15
VisualStudioVersion = 15.0.27004.2009
MinimumVisualStudioVersion = 10.0.40219.1
Project("{9A19103F-16F7-4668-BE54-9A1E7A4F7556}") = "PetStore.Images", "PetStore.Images\PetStore.Images.csproj", "{DCEA2187-244C-4538-B2F1-45A83605BAF8}"
EndProject
Project("{9A19103F-16F7-4668-BE54-9A1E7A4F7556}") = "PetStore.Images.Tests", "PetStore.Images.Tests\PetStore.Images.Tests.csproj", "{9822661A-74CB-4B67-BCE0-5C88F5595E7B}"
EndProject
Project("{9A19103F-16F7-4668-BE54-9A1E7A4F7556}") = "PetStore.Images.Tests.Runner", "PetStore.Images.Tests.Runner\PetStore.Images.Tests.Runner.csproj", "{5DD4831F-227A-4104-A5CC-EBE6B1B89188}"
EndProject
Global
	GlobalSection(SolutionConfigurationPlatforms) = preSolution
		Debug|Any CPU = Debug|Any CPU
		Release|Any CPU = Release|Any CPU
	EndGlobalSection
	GlobalSection(ProjectConfigurationPlatforms) = postSolution
		{DCEA2187-244C-4538-B2F1-45A83605BAF8}.Debug|Any CPU.ActiveCfg = Debug|Any CPU
		{DCEA2187-244C-4538-B2F1-45A83605BAF8}.Debug|Any CPU.Build.0 = Debug|Any CPU
		{DCEA2187-244C-4538-B2F1-45A83605BAF8}.Release|Any CPU.ActiveCfg = Release|Any CPU
		{DCEA2187-244C-4538-B2F1-45A83605BAF8}.Release|Any CPU.Build.0 = Release|Any CPU
		{9822661A-74CB-4B67-BCE0-5C88F5595E7B}.Debug|Any CPU.ActiveCfg = Debug|Any CPU
		{9822661A-74CB-4B67-BCE0-5C88F5595E7B}.Debug|Any CPU.Build.0 = Debug|Any CPU
		{9822661A-74CB-4B67-BCE0-5C88F5595E7B}.Release|Any CPU.ActiveCfg = Release|Any CPU
		{9822661A-74CB-4B67-BCE0-5C88F5595E7B}.Release|Any CPU.Build.0 = Release|Any CPU
		{5DD4831F-227A-4104-A5CC-EBE6B1B89188}.Debug|Any CPU.ActiveCfg = Debug|Any CPU
		{5DD4831F-227A-4104-A5CC-EBE6B1B89188}.Debug|Any CPU.Build.0 = Debug|Any CPU
		{5DD4831F-227A-4104-A5CC-EBE6B1B89188}.Release|Any CPU.ActiveCfg = Release|Any CPU
		{5DD4831F-227A-4104-A5CC-EBE6B1B89188}.Release|Any CPU.Build.0 = Release|Any CPU
	EndGlobalSection
	GlobalSection(SolutionProperties) = preSolution
		HideSolutionNode = FALSE
	EndGlobalSection
	GlobalSection(ExtensibilityGlobals) = postSolution
		SolutionGuid = {2C1EA94A-28DE-4224-BF8D-7FFD130B93A8}
	EndGlobalSection
EndGlobal
